
Microsoft Visual Studio Solution File, Format Version 12.00
# Visual Studio Version 17
VisualStudioVersion = 17.6.33723.286
MinimumVisualStudioVersion = 10.0.40219.1
Project("{FAE04EC0-301F-11D3-BF4B-00C04F79EFBC}") = "PostgreSQLManager", "PostgreSQLManager.csproj", "{FFD3CABD-C697-4DB3-84EC-2DB49EE20715}"
EndProject
Global
	GlobalSection(SolutionConfigurationPlatforms) = preSolution
		Debug|Any CPU = Debug|Any CPU
		Release|Any CPU = Release|Any CPU
	EndGlobalSection
	GlobalSection(ProjectConfigurationPlatforms) = postSolution
		{FFD3CABD-C697-4DB3-84EC-2DB49EE20715}.Debug|Any CPU.ActiveCfg = Debug|Any CPU
		{FFD3CABD-C697-4DB3-84EC-2DB49EE20715}.Debug|Any CPU.Build.0 = Debug|Any CPU
		{FFD3CABD-C697-4DB3-84EC-2DB49EE20715}.Release|Any CPU.ActiveCfg = Release|Any CPU
		{FFD3CABD-C697-4DB3-84EC-2DB49EE20715}.Release|Any CPU.Build.0 = Release|Any CPU
	EndGlobalSection
	GlobalSection(SolutionProperties) = preSolution
		HideSolutionNode = FALSE
	EndGlobalSection
	GlobalSection(ExtensibilityGlobals) = postSolution
		SolutionGuid = {A023A91F-946A-471A-AABE-E2BE895A62F0}
	EndGlobalSection
EndGlobal
